// !$*UTF8*$!
{
	archiveVersion = 1;
	classes = {
	};
	objectVersion = 46;
	objects = {

/* Begin PBXBuildFile section */
		8920C2021C8D426E0054EB2A /* AppDelegate.swift in Sources */ = {isa = PBXBuildFile; fileRef = 8920C2011C8D426E0054EB2A /* AppDelegate.swift */; };
		8920C2041C8D426E0054EB2A /* GameScene.sks in Resources */ = {isa = PBXBuildFile; fileRef = 8920C2031C8D426E0054EB2A /* GameScene.sks */; };
		8920C2061C8D426E0054EB2A /* GameScene.swift in Sources */ = {isa = PBXBuildFile; fileRef = 8920C2051C8D426E0054EB2A /* GameScene.swift */; };
		8920C2081C8D426E0054EB2A /* GameViewController.swift in Sources */ = {isa = PBXBuildFile; fileRef = 8920C2071C8D426E0054EB2A /* GameViewController.swift */; };
		8920C20B1C8D426E0054EB2A /* Main.storyboard in Resources */ = {isa = PBXBuildFile; fileRef = 8920C2091C8D426E0054EB2A /* Main.storyboard */; };
		8920C20D1C8D426E0054EB2A /* Assets.xcassets in Resources */ = {isa = PBXBuildFile; fileRef = 8920C20C1C8D426E0054EB2A /* Assets.xcassets */; };
		8920C2101C8D426E0054EB2A /* LaunchScreen.storyboard in Resources */ = {isa = PBXBuildFile; fileRef = 8920C20E1C8D426E0054EB2A /* LaunchScreen.storyboard */; };
		8920C21B1C8D426F0054EB2A /* Memorize_Multiplication_TablesTests.swift in Sources */ = {isa = PBXBuildFile; fileRef = 8920C21A1C8D426F0054EB2A /* Memorize_Multiplication_TablesTests.swift */; };
		8920C2261C8D426F0054EB2A /* Memorize_Multiplication_TablesUITests.swift in Sources */ = {isa = PBXBuildFile; fileRef = 8920C2251C8D426F0054EB2A /* Memorize_Multiplication_TablesUITests.swift */; };
		8920C2351C8D55990054EB2A /* AnswerScene.swift in Sources */ = {isa = PBXBuildFile; fileRef = 8920C2341C8D55990054EB2A /* AnswerScene.swift */; };
		8920C2371C8D55AC0054EB2A /* AnswerScene.sks in Resources */ = {isa = PBXBuildFile; fileRef = 8920C2361C8D55AC0054EB2A /* AnswerScene.sks */; };
		8920C23A1C8D56CB0054EB2A /* Colors.swift in Sources */ = {isa = PBXBuildFile; fileRef = 8920C2391C8D56CB0054EB2A /* Colors.swift */; };
		89E452901C8F29D900886C64 /* TitleScene.sks in Resources */ = {isa = PBXBuildFile; fileRef = 89E4528F1C8F29D900886C64 /* TitleScene.sks */; };
		89E452921C8F29E900886C64 /* TitleScene.swift in Sources */ = {isa = PBXBuildFile; fileRef = 89E452911C8F29E900886C64 /* TitleScene.swift */; };
		89E452A01C8FF3E200886C64 /* SettingsScene.sks in Resources */ = {isa = PBXBuildFile; fileRef = 89E4529F1C8FF3E200886C64 /* SettingsScene.sks */; };
		89E452A21C8FF40500886C64 /* SettingsScene.swift in Sources */ = {isa = PBXBuildFile; fileRef = 89E452A11C8FF40500886C64 /* SettingsScene.swift */; };
/* End PBXBuildFile section */

/* Begin PBXContainerItemProxy section */
		8920C2171C8D426F0054EB2A /* PBXContainerItemProxy */ = {
			isa = PBXContainerItemProxy;
			containerPortal = 8920C1F61C8D426E0054EB2A /* Project object */;
			proxyType = 1;
			remoteGlobalIDString = 8920C1FD1C8D426E0054EB2A;
			remoteInfo = "Memorize Multiplication Tables";
		};
		8920C2221C8D426F0054EB2A /* PBXContainerItemProxy */ = {
			isa = PBXContainerItemProxy;
			containerPortal = 8920C1F61C8D426E0054EB2A /* Project object */;
			proxyType = 1;
			remoteGlobalIDString = 8920C1FD1C8D426E0054EB2A;
			remoteInfo = "Memorize Multiplication Tables";
		};
/* End PBXContainerItemProxy section */

/* Begin PBXFileReference section */
		8920C1FE1C8D426E0054EB2A /* Memorize Multiplication Tables.app */ = {isa = PBXFileReference; explicitFileType = wrapper.application; includeInIndex = 0; path = "Memorize Multiplication Tables.app"; sourceTree = BUILT_PRODUCTS_DIR; };
		8920C2011C8D426E0054EB2A /* AppDelegate.swift */ = {isa = PBXFileReference; lastKnownFileType = sourcecode.swift; path = AppDelegate.swift; sourceTree = "<group>"; };
		8920C2031C8D426E0054EB2A /* GameScene.sks */ = {isa = PBXFileReference; lastKnownFileType = file.sks; path = GameScene.sks; sourceTree = "<group>"; };
		8920C2051C8D426E0054EB2A /* GameScene.swift */ = {isa = PBXFileReference; lastKnownFileType = sourcecode.swift; path = GameScene.swift; sourceTree = "<group>"; };
		8920C2071C8D426E0054EB2A /* GameViewController.swift */ = {isa = PBXFileReference; lastKnownFileType = sourcecode.swift; path = GameViewController.swift; sourceTree = "<group>"; };
		8920C20A1C8D426E0054EB2A /* Base */ = {isa = PBXFileReference; lastKnownFileType = file.storyboard; name = Base; path = Base.lproj/Main.storyboard; sourceTree = "<group>"; };
		8920C20C1C8D426E0054EB2A /* Assets.xcassets */ = {isa = PBXFileReference; lastKnownFileType = folder.assetcatalog; path = Assets.xcassets; sourceTree = "<group>"; };
		8920C20F1C8D426E0054EB2A /* Base */ = {isa = PBXFileReference; lastKnownFileType = file.storyboard; name = Base; path = Base.lproj/LaunchScreen.storyboard; sourceTree = "<group>"; };
		8920C2111C8D426E0054EB2A /* Info.plist */ = {isa = PBXFileReference; lastKnownFileType = text.plist.xml; path = Info.plist; sourceTree = "<group>"; };
		8920C2161C8D426F0054EB2A /* Memorize Multiplication TablesTests.xctest */ = {isa = PBXFileReference; explicitFileType = wrapper.cfbundle; includeInIndex = 0; path = "Memorize Multiplication TablesTests.xctest"; sourceTree = BUILT_PRODUCTS_DIR; };
		8920C21A1C8D426F0054EB2A /* Memorize_Multiplication_TablesTests.swift */ = {isa = PBXFileReference; lastKnownFileType = sourcecode.swift; path = Memorize_Multiplication_TablesTests.swift; sourceTree = "<group>"; };
		8920C21C1C8D426F0054EB2A /* Info.plist */ = {isa = PBXFileReference; lastKnownFileType = text.plist.xml; path = Info.plist; sourceTree = "<group>"; };
		8920C2211C8D426F0054EB2A /* Memorize Multiplication TablesUITests.xctest */ = {isa = PBXFileReference; explicitFileType = wrapper.cfbundle; includeInIndex = 0; path = "Memorize Multiplication TablesUITests.xctest"; sourceTree = BUILT_PRODUCTS_DIR; };
		8920C2251C8D426F0054EB2A /* Memorize_Multiplication_TablesUITests.swift */ = {isa = PBXFileReference; lastKnownFileType = sourcecode.swift; path = Memorize_Multiplication_TablesUITests.swift; sourceTree = "<group>"; };
		8920C2271C8D426F0054EB2A /* Info.plist */ = {isa = PBXFileReference; lastKnownFileType = text.plist.xml; path = Info.plist; sourceTree = "<group>"; };
		8920C2341C8D55990054EB2A /* AnswerScene.swift */ = {isa = PBXFileReference; fileEncoding = 4; lastKnownFileType = sourcecode.swift; path = AnswerScene.swift; sourceTree = "<group>"; };
		8920C2361C8D55AC0054EB2A /* AnswerScene.sks */ = {isa = PBXFileReference; lastKnownFileType = file.sks; path = AnswerScene.sks; sourceTree = "<group>"; };
		8920C2391C8D56CB0054EB2A /* Colors.swift */ = {isa = PBXFileReference; fileEncoding = 4; lastKnownFileType = sourcecode.swift; path = Colors.swift; sourceTree = "<group>"; };
		89E4528F1C8F29D900886C64 /* TitleScene.sks */ = {isa = PBXFileReference; lastKnownFileType = file.sks; path = TitleScene.sks; sourceTree = "<group>"; };
		89E452911C8F29E900886C64 /* TitleScene.swift */ = {isa = PBXFileReference; fileEncoding = 4; lastKnownFileType = sourcecode.swift; path = TitleScene.swift; sourceTree = "<group>"; };
		89E4529F1C8FF3E200886C64 /* SettingsScene.sks */ = {isa = PBXFileReference; lastKnownFileType = file.sks; path = SettingsScene.sks; sourceTree = "<group>"; };
		89E452A11C8FF40500886C64 /* SettingsScene.swift */ = {isa = PBXFileReference; fileEncoding = 4; lastKnownFileType = sourcecode.swift; path = SettingsScene.swift; sourceTree = "<group>"; };
/* End PBXFileReference section */

/* Begin PBXFrameworksBuildPhase section */
		8920C1FB1C8D426E0054EB2A /* Frameworks */ = {
			isa = PBXFrameworksBuildPhase;
			buildActionMask = 2147483647;
			files = (
			);
			runOnlyForDeploymentPostprocessing = 0;
		};
		8920C2131C8D426F0054EB2A /* Frameworks */ = {
			isa = PBXFrameworksBuildPhase;
			buildActionMask = 2147483647;
			files = (
			);
			runOnlyForDeploymentPostprocessing = 0;
		};
		8920C21E1C8D426F0054EB2A /* Frameworks */ = {
			isa = PBXFrameworksBuildPhase;
			buildActionMask = 2147483647;
			files = (
			);
			runOnlyForDeploymentPostprocessing = 0;
		};
/* End PBXFrameworksBuildPhase section */

/* Begin PBXGroup section */
		8920C1F51C8D426E0054EB2A = {
			isa = PBXGroup;
			children = (
				8920C2001C8D426E0054EB2A /* Memorize Multiplication Tables */,
				8920C2191C8D426F0054EB2A /* Memorize Multiplication TablesTests */,
				8920C2241C8D426F0054EB2A /* Memorize Multiplication TablesUITests */,
				8920C1FF1C8D426E0054EB2A /* Products */,
			);
			sourceTree = "<group>";
		};
		8920C1FF1C8D426E0054EB2A /* Products */ = {
			isa = PBXGroup;
			children = (
				8920C1FE1C8D426E0054EB2A /* Memorize Multiplication Tables.app */,
				8920C2161C8D426F0054EB2A /* Memorize Multiplication TablesTests.xctest */,
				8920C2211C8D426F0054EB2A /* Memorize Multiplication TablesUITests.xctest */,
			);
			name = Products;
			sourceTree = "<group>";
		};
		8920C2001C8D426E0054EB2A /* Memorize Multiplication Tables */ = {
			isa = PBXGroup;
			children = (
				89E4529C1C8F493300886C64 /* Storyboards */,
				89E452971C8F372700886C64 /* Controllers */,
				8920C2381C8D56B00054EB2A /* Providers */,
				8920C2331C8D55740054EB2A /* Scenes */,
				8920C2011C8D426E0054EB2A /* AppDelegate.swift */,
				8920C20C1C8D426E0054EB2A /* Assets.xcassets */,
				8920C2111C8D426E0054EB2A /* Info.plist */,
			);
			path = "Memorize Multiplication Tables";
			sourceTree = "<group>";
		};
		8920C2191C8D426F0054EB2A /* Memorize Multiplication TablesTests */ = {
			isa = PBXGroup;
			children = (
				8920C21A1C8D426F0054EB2A /* Memorize_Multiplication_TablesTests.swift */,
				8920C21C1C8D426F0054EB2A /* Info.plist */,
			);
			path = "Memorize Multiplication TablesTests";
			sourceTree = "<group>";
		};
		8920C2241C8D426F0054EB2A /* Memorize Multiplication TablesUITests */ = {
			isa = PBXGroup;
			children = (
				8920C2251C8D426F0054EB2A /* Memorize_Multiplication_TablesUITests.swift */,
				8920C2271C8D426F0054EB2A /* Info.plist */,
			);
			path = "Memorize Multiplication TablesUITests";
			sourceTree = "<group>";
		};
		8920C2331C8D55740054EB2A /* Scenes */ = {
			isa = PBXGroup;
			children = (
				8920C2051C8D426E0054EB2A /* GameScene.swift */,
				8920C2031C8D426E0054EB2A /* GameScene.sks */,
				8920C2341C8D55990054EB2A /* AnswerScene.swift */,
				8920C2361C8D55AC0054EB2A /* AnswerScene.sks */,
				89E452911C8F29E900886C64 /* TitleScene.swift */,
				89E4528F1C8F29D900886C64 /* TitleScene.sks */,
				89E452A11C8FF40500886C64 /* SettingsScene.swift */,
				89E4529F1C8FF3E200886C64 /* SettingsScene.sks */,
			);
			name = Scenes;
			sourceTree = "<group>";
		};
		8920C2381C8D56B00054EB2A /* Providers */ = {
			isa = PBXGroup;
			children = (
				8920C2391C8D56CB0054EB2A /* Colors.swift */,
			);
			name = Providers;
			sourceTree = "<group>";
		};
		89E452971C8F372700886C64 /* Controllers */ = {
			isa = PBXGroup;
			children = (
				8920C2071C8D426E0054EB2A /* GameViewController.swift */,
			);
			name = Controllers;
			sourceTree = "<group>";
		};
		89E4529C1C8F493300886C64 /* Storyboards */ = {
			isa = PBXGroup;
			children = (
				8920C2091C8D426E0054EB2A /* Main.storyboard */,
				8920C20E1C8D426E0054EB2A /* LaunchScreen.storyboard */,
			);
			name = Storyboards;
			sourceTree = "<group>";
		};
/* End PBXGroup section */

/* Begin PBXNativeTarget section */
		8920C1FD1C8D426E0054EB2A /* Memorize Multiplication Tables */ = {
			isa = PBXNativeTarget;
			buildConfigurationList = 8920C22A1C8D426F0054EB2A /* Build configuration list for PBXNativeTarget "Memorize Multiplication Tables" */;
			buildPhases = (
				8920C1FA1C8D426E0054EB2A /* Sources */,
				8920C1FB1C8D426E0054EB2A /* Frameworks */,
				8920C1FC1C8D426E0054EB2A /* Resources */,
			);
			buildRules = (
			);
			dependencies = (
			);
			name = "Memorize Multiplication Tables";
			productName = "Memorize Multiplication Tables";
			productReference = 8920C1FE1C8D426E0054EB2A /* Memorize Multiplication Tables.app */;
			productType = "com.apple.product-type.application";
		};
		8920C2151C8D426F0054EB2A /* Memorize Multiplication TablesTests */ = {
			isa = PBXNativeTarget;
			buildConfigurationList = 8920C22D1C8D426F0054EB2A /* Build configuration list for PBXNativeTarget "Memorize Multiplication TablesTests" */;
			buildPhases = (
				8920C2121C8D426F0054EB2A /* Sources */,
				8920C2131C8D426F0054EB2A /* Frameworks */,
				8920C2141C8D426F0054EB2A /* Resources */,
			);
			buildRules = (
			);
			dependencies = (
				8920C2181C8D426F0054EB2A /* PBXTargetDependency */,
			);
			name = "Memorize Multiplication TablesTests";
			productName = "Memorize Multiplication TablesTests";
			productReference = 8920C2161C8D426F0054EB2A /* Memorize Multiplication TablesTests.xctest */;
			productType = "com.apple.product-type.bundle.unit-test";
		};
		8920C2201C8D426F0054EB2A /* Memorize Multiplication TablesUITests */ = {
			isa = PBXNativeTarget;
			buildConfigurationList = 8920C2301C8D426F0054EB2A /* Build configuration list for PBXNativeTarget "Memorize Multiplication TablesUITests" */;
			buildPhases = (
				8920C21D1C8D426F0054EB2A /* Sources */,
				8920C21E1C8D426F0054EB2A /* Frameworks */,
				8920C21F1C8D426F0054EB2A /* Resources */,
			);
			buildRules = (
			);
			dependencies = (
				8920C2231C8D426F0054EB2A /* PBXTargetDependency */,
			);
			name = "Memorize Multiplication TablesUITests";
			productName = "Memorize Multiplication TablesUITests";
			productReference = 8920C2211C8D426F0054EB2A /* Memorize Multiplication TablesUITests.xctest */;
			productType = "com.apple.product-type.bundle.ui-testing";
		};
/* End PBXNativeTarget section */

/* Begin PBXProject section */
		8920C1F61C8D426E0054EB2A /* Project object */ = {
			isa = PBXProject;
			attributes = {
				LastSwiftUpdateCheck = 0720;
				LastUpgradeCheck = 0720;
				ORGANIZATIONNAME = "Willis Programming";
				TargetAttributes = {
					8920C1FD1C8D426E0054EB2A = {
						CreatedOnToolsVersion = 7.2.1;
					};
					8920C2151C8D426F0054EB2A = {
						CreatedOnToolsVersion = 7.2.1;
						TestTargetID = 8920C1FD1C8D426E0054EB2A;
					};
					8920C2201C8D426F0054EB2A = {
						CreatedOnToolsVersion = 7.2.1;
						TestTargetID = 8920C1FD1C8D426E0054EB2A;
					};
				};
			};
			buildConfigurationList = 8920C1F91C8D426E0054EB2A /* Build configuration list for PBXProject "Memorize Multiplication Tables" */;
			compatibilityVersion = "Xcode 3.2";
			developmentRegion = English;
			hasScannedForEncodings = 0;
			knownRegions = (
				en,
				Base,
			);
			mainGroup = 8920C1F51C8D426E0054EB2A;
			productRefGroup = 8920C1FF1C8D426E0054EB2A /* Products */;
			projectDirPath = "";
			projectRoot = "";
			targets = (
				8920C1FD1C8D426E0054EB2A /* Memorize Multiplication Tables */,
				8920C2151C8D426F0054EB2A /* Memorize Multiplication TablesTests */,
				8920C2201C8D426F0054EB2A /* Memorize Multiplication TablesUITests */,
			);
		};
/* End PBXProject section */

/* Begin PBXResourcesBuildPhase section */
		8920C1FC1C8D426E0054EB2A /* Resources */ = {
			isa = PBXResourcesBuildPhase;
			buildActionMask = 2147483647;
			files = (
				8920C2041C8D426E0054EB2A /* GameScene.sks in Resources */,
				8920C2371C8D55AC0054EB2A /* AnswerScene.sks in Resources */,
				8920C2101C8D426E0054EB2A /* LaunchScreen.storyboard in Resources */,
				8920C20D1C8D426E0054EB2A /* Assets.xcassets in Resources */,
				8920C20B1C8D426E0054EB2A /* Main.storyboard in Resources */,
				89E452901C8F29D900886C64 /* TitleScene.sks in Resources */,
				89E452A01C8FF3E200886C64 /* SettingsScene.sks in Resources */,
			);
			runOnlyForDeploymentPostprocessing = 0;
		};
		8920C2141C8D426F0054EB2A /* Resources */ = {
			isa = PBXResourcesBuildPhase;
			buildActionMask = 2147483647;
			files = (
			);
			runOnlyForDeploymentPostprocessing = 0;
		};
		8920C21F1C8D426F0054EB2A /* Resources */ = {
			isa = PBXResourcesBuildPhase;
			buildActionMask = 2147483647;
			files = (
			);
			runOnlyForDeploymentPostprocessing = 0;
		};
/* End PBXResourcesBuildPhase section */

/* Begin PBXSourcesBuildPhase section */
		8920C1FA1C8D426E0054EB2A /* Sources */ = {
			isa = PBXSourcesBuildPhase;
			buildActionMask = 2147483647;
			files = (
				8920C2061C8D426E0054EB2A /* GameScene.swift in Sources */,
				8920C23A1C8D56CB0054EB2A /* Colors.swift in Sources */,
				8920C2081C8D426E0054EB2A /* GameViewController.swift in Sources */,
				8920C2351C8D55990054EB2A /* AnswerScene.swift in Sources */,
				8920C2021C8D426E0054EB2A /* AppDelegate.swift in Sources */,
				89E452A21C8FF40500886C64 /* SettingsScene.swift in Sources */,
				89E452921C8F29E900886C64 /* TitleScene.swift in Sources */,
			);
			runOnlyForDeploymentPostprocessing = 0;
		};
		8920C2121C8D426F0054EB2A /* Sources */ = {
			isa = PBXSourcesBuildPhase;
			buildActionMask = 2147483647;
			files = (
				8920C21B1C8D426F0054EB2A /* Memorize_Multiplication_TablesTests.swift in Sources */,
			);
			runOnlyForDeploymentPostprocessing = 0;
		};
		8920C21D1C8D426F0054EB2A /* Sources */ = {
			isa = PBXSourcesBuildPhase;
			buildActionMask = 2147483647;
			files = (
				8920C2261C8D426F0054EB2A /* Memorize_Multiplication_TablesUITests.swift in Sources */,
			);
			runOnlyForDeploymentPostprocessing = 0;
		};
/* End PBXSourcesBuildPhase section */

/* Begin PBXTargetDependency section */
		8920C2181C8D426F0054EB2A /* PBXTargetDependency */ = {
			isa = PBXTargetDependency;
			target = 8920C1FD1C8D426E0054EB2A /* Memorize Multiplication Tables */;
			targetProxy = 8920C2171C8D426F0054EB2A /* PBXContainerItemProxy */;
		};
		8920C2231C8D426F0054EB2A /* PBXTargetDependency */ = {
			isa = PBXTargetDependency;
			target = 8920C1FD1C8D426E0054EB2A /* Memorize Multiplication Tables */;
			targetProxy = 8920C2221C8D426F0054EB2A /* PBXContainerItemProxy */;
		};
/* End PBXTargetDependency section */

/* Begin PBXVariantGroup section */
		8920C2091C8D426E0054EB2A /* Main.storyboard */ = {
			isa = PBXVariantGroup;
			children = (
				8920C20A1C8D426E0054EB2A /* Base */,
			);
			name = Main.storyboard;
			sourceTree = "<group>";
		};
		8920C20E1C8D426E0054EB2A /* LaunchScreen.storyboard */ = {
			isa = PBXVariantGroup;
			children = (
				8920C20F1C8D426E0054EB2A /* Base */,
			);
			name = LaunchScreen.storyboard;
			sourceTree = "<group>";
		};
/* End PBXVariantGroup section */

/* Begin XCBuildConfiguration section */
		8920C2281C8D426F0054EB2A /* Debug */ = {
			isa = XCBuildConfiguration;
			buildSettings = {
				ALWAYS_SEARCH_USER_PATHS = NO;
				CLANG_CXX_LANGUAGE_STANDARD = "gnu++0x";
				CLANG_CXX_LIBRARY = "libc++";
				CLANG_ENABLE_MODULES = YES;
				CLANG_ENABLE_OBJC_ARC = YES;
				CLANG_WARN_BOOL_CONVERSION = YES;
				CLANG_WARN_CONSTANT_CONVERSION = YES;
				CLANG_WARN_DIRECT_OBJC_ISA_USAGE = YES_ERROR;
				CLANG_WARN_EMPTY_BODY = YES;
				CLANG_WARN_ENUM_CONVERSION = YES;
				CLANG_WARN_INT_CONVERSION = YES;
				CLANG_WARN_OBJC_ROOT_CLASS = YES_ERROR;
				CLANG_WARN_UNREACHABLE_CODE = YES;
				CLANG_WARN__DUPLICATE_METHOD_MATCH = YES;
				"CODE_SIGN_IDENTITY[sdk=iphoneos*]" = "iPhone Developer";
				COPY_PHASE_STRIP = NO;
				DEBUG_INFORMATION_FORMAT = "dwarf-with-dsym";
				ENABLE_STRICT_OBJC_MSGSEND = YES;
				ENABLE_TESTABILITY = YES;
				GCC_C_LANGUAGE_STANDARD = gnu99;
				GCC_DYNAMIC_NO_PIC = NO;
				GCC_NO_COMMON_BLOCKS = YES;
				GCC_OPTIMIZATION_LEVEL = 0;
				GCC_PREPROCESSOR_DEFINITIONS = (
					"DEBUG=1",
					"$(inherited)",
				);
				GCC_WARN_64_TO_32_BIT_CONVERSION = YES;
				GCC_WARN_ABOUT_RETURN_TYPE = YES_ERROR;
				GCC_WARN_UNDECLARED_SELECTOR = YES;
				GCC_WARN_UNINITIALIZED_AUTOS = YES_AGGRESSIVE;
				GCC_WARN_UNUSED_FUNCTION = YES;
				GCC_WARN_UNUSED_VARIABLE = YES;
				IPHONEOS_DEPLOYMENT_TARGET = 9.2;
				MTL_ENABLE_DEBUG_INFO = YES;
				ONLY_ACTIVE_ARCH = YES;
				SDKROOT = iphoneos;
				SWIFT_OPTIMIZATION_LEVEL = "-Onone";
				TARGETED_DEVICE_FAMILY = "1,2";
			};
			name = Debug;
		};
		8920C2291C8D426F0054EB2A /* Release */ = {
			isa = XCBuildConfiguration;
			buildSettings = {
				ALWAYS_SEARCH_USER_PATHS = NO;
				CLANG_CXX_LANGUAGE_STANDARD = "gnu++0x";
				CLANG_CXX_LIBRARY = "libc++";
				CLANG_ENABLE_MODULES = YES;
				CLANG_ENABLE_OBJC_ARC = YES;
				CLANG_WARN_BOOL_CONVERSION = YES;
				CLANG_WARN_CONSTANT_CONVERSION = YES;
				CLANG_WARN_DIRECT_OBJC_ISA_USAGE = YES_ERROR;
				CLANG_WARN_EMPTY_BODY = YES;
				CLANG_WARN_ENUM_CONVERSION = YES;
				CLANG_WARN_INT_CONVERSION = YES;
				CLANG_WARN_OBJC_ROOT_CLASS = YES_ERROR;
				CLANG_WARN_UNREACHABLE_CODE = YES;
				CLANG_WARN__DUPLICATE_METHOD_MATCH = YES;
				"CODE_SIGN_IDENTITY[sdk=iphoneos*]" = "iPhone Developer";
				COPY_PHASE_STRIP = NO;
				DEBUG_INFORMATION_FORMAT = "dwarf-with-dsym";
				ENABLE_NS_ASSERTIONS = NO;
				ENABLE_STRICT_OBJC_MSGSEND = YES;
				GCC_C_LANGUAGE_STANDARD = gnu99;
				GCC_NO_COMMON_BLOCKS = YES;
				GCC_WARN_64_TO_32_BIT_CONVERSION = YES;
				GCC_WARN_ABOUT_RETURN_TYPE = YES_ERROR;
				GCC_WARN_UNDECLARED_SELECTOR = YES;
				GCC_WARN_UNINITIALIZED_AUTOS = YES_AGGRESSIVE;
				GCC_WARN_UNUSED_FUNCTION = YES;
				GCC_WARN_UNUSED_VARIABLE = YES;
				IPHONEOS_DEPLOYMENT_TARGET = 9.2;
				MTL_ENABLE_DEBUG_INFO = NO;
				SDKROOT = iphoneos;
				TARGETED_DEVICE_FAMILY = "1,2";
				VALIDATE_PRODUCT = YES;
			};
			name = Release;
		};
		8920C22B1C8D426F0054EB2A /* Debug */ = {
			isa = XCBuildConfiguration;
			buildSettings = {
				ASSETCATALOG_COMPILER_APPICON_NAME = AppIcon;
				INFOPLIST_FILE = "Memorize Multiplication Tables/Info.plist";
				LD_RUNPATH_SEARCH_PATHS = "$(inherited) @executable_path/Frameworks";
				PRODUCT_BUNDLE_IDENTIFIER = "com.WillisProgramming.Memorize-Multiplication-Tables";
				PRODUCT_NAME = "$(TARGET_NAME)";
			};
			name = Debug;
		};
		8920C22C1C8D426F0054EB2A /* Release */ = {
			isa = XCBuildConfiguration;
			buildSettings = {
				ASSETCATALOG_COMPILER_APPICON_NAME = AppIcon;
				INFOPLIST_FILE = "Memorize Multiplication Tables/Info.plist";
				LD_RUNPATH_SEARCH_PATHS = "$(inherited) @executable_path/Frameworks";
				PRODUCT_BUNDLE_IDENTIFIER = "com.WillisProgramming.Memorize-Multiplication-Tables";
				PRODUCT_NAME = "$(TARGET_NAME)";
			};
			name = Release;
		};
		8920C22E1C8D426F0054EB2A /* Debug */ = {
			isa = XCBuildConfiguration;
			buildSettings = {
				BUNDLE_LOADER = "$(TEST_HOST)";
				DEBUG_INFORMATION_FORMAT = dwarf;
				INFOPLIST_FILE = "Memorize Multiplication TablesTests/Info.plist";
				LD_RUNPATH_SEARCH_PATHS = "$(inherited) @executable_path/Frameworks @loader_path/Frameworks";
				PRODUCT_BUNDLE_IDENTIFIER = "com.WillisProgramming.Memorize-Multiplication-TablesTests";
				PRODUCT_NAME = "$(TARGET_NAME)";
				TEST_HOST = "$(BUILT_PRODUCTS_DIR)/Memorize Multiplication Tables.app/Memorize Multiplication Tables";
			};
			name = Debug;
		};
		8920C22F1C8D426F0054EB2A /* Release */ = {
			isa = XCBuildConfiguration;
			buildSettings = {
				BUNDLE_LOADER = "$(TEST_HOST)";
				INFOPLIST_FILE = "Memorize Multiplication TablesTests/Info.plist";
				LD_RUNPATH_SEARCH_PATHS = "$(inherited) @executable_path/Frameworks @loader_path/Frameworks";
				PRODUCT_BUNDLE_IDENTIFIER = "com.WillisProgramming.Memorize-Multiplication-TablesTests";
				PRODUCT_NAME = "$(TARGET_NAME)";
				TEST_HOST = "$(BUILT_PRODUCTS_DIR)/Memorize Multiplication Tables.app/Memorize Multiplication Tables";
			};
			name = Release;
		};
		8920C2311C8D426F0054EB2A /* Debug */ = {
			isa = XCBuildConfiguration;
			buildSettings = {
				DEBUG_INFORMATION_FORMAT = dwarf;
				INFOPLIST_FILE = "Memorize Multiplication TablesUITests/Info.plist";
				LD_RUNPATH_SEARCH_PATHS = "$(inherited) @executable_path/Frameworks @loader_path/Frameworks";
				PRODUCT_BUNDLE_IDENTIFIER = "com.WillisProgramming.Memorize-Multiplication-TablesUITests";
				PRODUCT_NAME = "$(TARGET_NAME)";
				TEST_TARGET_NAME = "Memorize Multiplication Tables";
				USES_XCTRUNNER = YES;
			};
			name = Debug;
		};
		8920C2321C8D426F0054EB2A /* Release */ = {
			isa = XCBuildConfiguration;
			buildSettings = {
				INFOPLIST_FILE = "Memorize Multiplication TablesUITests/Info.plist";
				LD_RUNPATH_SEARCH_PATHS = "$(inherited) @executable_path/Frameworks @loader_path/Frameworks";
				PRODUCT_BUNDLE_IDENTIFIER = "com.WillisProgramming.Memorize-Multiplication-TablesUITests";
				PRODUCT_NAME = "$(TARGET_NAME)";
				TEST_TARGET_NAME = "Memorize Multiplication Tables";
				USES_XCTRUNNER = YES;
			};
			name = Release;
		};
/* End XCBuildConfiguration section */

/* Begin XCConfigurationList section */
		8920C1F91C8D426E0054EB2A /* Build configuration list for PBXProject "Memorize Multiplication Tables" */ = {
			isa = XCConfigurationList;
			buildConfigurations = (
				8920C2281C8D426F0054EB2A /* Debug */,
				8920C2291C8D426F0054EB2A /* Release */,
			);
			defaultConfigurationIsVisible = 0;
			defaultConfigurationName = Release;
		};
		8920C22A1C8D426F0054EB2A /* Build configuration list for PBXNativeTarget "Memorize Multiplication Tables" */ = {
			isa = XCConfigurationList;
			buildConfigurations = (
				8920C22B1C8D426F0054EB2A /* Debug */,
				8920C22C1C8D426F0054EB2A /* Release */,
			);
			defaultConfigurationIsVisible = 0;
			defaultConfigurationName = Release;
		};
		8920C22D1C8D426F0054EB2A /* Build configuration list for PBXNativeTarget "Memorize Multiplication TablesTests" */ = {
			isa = XCConfigurationList;
			buildConfigurations = (
				8920C22E1C8D426F0054EB2A /* Debug */,
				8920C22F1C8D426F0054EB2A /* Release */,
			);
			defaultConfigurationIsVisible = 0;
			defaultConfigurationName = Release;
		};
		8920C2301C8D426F0054EB2A /* Build configuration list for PBXNativeTarget "Memorize Multiplication TablesUITests" */ = {
			isa = XCConfigurationList;
			buildConfigurations = (
				8920C2311C8D426F0054EB2A /* Debug */,
				8920C2321C8D426F0054EB2A /* Release */,
			);
			defaultConfigurationIsVisible = 0;
			defaultConfigurationName = Release;
		};
/* End XCConfigurationList section */
	};
	rootObject = 8920C1F61C8D426E0054EB2A /* Project object */;
}
